
Microsoft Visual Studio Solution File, Format Version 11.00
# Visual Studio 2010
Project("{FAE04EC0-301F-11D3-BF4B-00C04F79EFBC}") = "SL_CompareCollections", "SL_CompareCollections\SL_CompareCollections.csproj", "{6BFA4A69-5192-4F48-8700-74BBF61F39F4}"
EndProject
Global
	GlobalSection(SolutionConfigurationPlatforms) = preSolution
		Debug|Any CPU = Debug|Any CPU
		Release|Any CPU = Release|Any CPU
	EndGlobalSection
	GlobalSection(ProjectConfigurationPlatforms) = postSolution
		{6BFA4A69-5192-4F48-8700-74BBF61F39F4}.Debug|Any CPU.ActiveCfg = Debug|Any CPU
		{6BFA4A69-5192-4F48-8700-74BBF61F39F4}.Debug|Any CPU.Build.0 = Debug|Any CPU
		{6BFA4A69-5192-4F48-8700-74BBF61F39F4}.Release|Any CPU.ActiveCfg = Release|Any CPU
		{6BFA4A69-5192-4F48-8700-74BBF61F39F4}.Release|Any CPU.Build.0 = Release|Any CPU
	EndGlobalSection
	GlobalSection(SolutionProperties) = preSolution
		HideSolutionNode = FALSE
	EndGlobalSection
EndGlobal
