
Microsoft Visual Studio Solution File, Format Version 11.00
# Visual Studio 2010
Project("{FAE04EC0-301F-11D3-BF4B-00C04F79EFBC}") = "SL_TextBoxSelectAll", "SL_TextBoxSelectAll\SL_TextBoxSelectAll.csproj", "{95550BC4-3572-45F4-9071-076778901D42}"
EndProject
Project("{FAE04EC0-301F-11D3-BF4B-00C04F79EFBC}") = "SL_TextBoxSelectAll.Web", "SL_TextBoxSelectAll.Web\SL_TextBoxSelectAll.Web.csproj", "{3F2FAA6C-73FA-4730-983A-D959DD2888C2}"
EndProject
Global
	GlobalSection(SolutionConfigurationPlatforms) = preSolution
		Debug|Any CPU = Debug|Any CPU
		Release|Any CPU = Release|Any CPU
	EndGlobalSection
	GlobalSection(ProjectConfigurationPlatforms) = postSolution
		{95550BC4-3572-45F4-9071-076778901D42}.Debug|Any CPU.ActiveCfg = Debug|Any CPU
		{95550BC4-3572-45F4-9071-076778901D42}.Debug|Any CPU.Build.0 = Debug|Any CPU
		{95550BC4-3572-45F4-9071-076778901D42}.Release|Any CPU.ActiveCfg = Release|Any CPU
		{95550BC4-3572-45F4-9071-076778901D42}.Release|Any CPU.Build.0 = Release|Any CPU
		{3F2FAA6C-73FA-4730-983A-D959DD2888C2}.Debug|Any CPU.ActiveCfg = Debug|Any CPU
		{3F2FAA6C-73FA-4730-983A-D959DD2888C2}.Debug|Any CPU.Build.0 = Debug|Any CPU
		{3F2FAA6C-73FA-4730-983A-D959DD2888C2}.Release|Any CPU.ActiveCfg = Release|Any CPU
		{3F2FAA6C-73FA-4730-983A-D959DD2888C2}.Release|Any CPU.Build.0 = Release|Any CPU
	EndGlobalSection
	GlobalSection(SolutionProperties) = preSolution
		HideSolutionNode = FALSE
	EndGlobalSection
EndGlobal
