
Microsoft Visual Studio Solution File, Format Version 11.00
# Visual Studio 2010
Project("{E24C65DC-7377-472B-9ABA-BC803B73C61A}") = "SL_StoryboardCompletedSampleSite", "SL_StoryboardCompletedSampleSite\", "{8B0BEC0C-5E73-4C48-A6BB-B15695454600}"
	ProjectSection(WebsiteProperties) = preProject
		TargetFrameworkMoniker = ".NETFramework,Version%3Dv4.0"
		Debug.AspNetCompiler.VirtualPath = "/SL_StoryboardCompletedSampleSite"
		Debug.AspNetCompiler.PhysicalPath = "SL_StoryboardCompletedSampleSite\"
		Debug.AspNetCompiler.TargetPath = "PrecompiledWeb\SL_StoryboardCompletedSampleSite\"
		Debug.AspNetCompiler.Updateable = "true"
		Debug.AspNetCompiler.ForceOverwrite = "true"
		Debug.AspNetCompiler.FixedNames = "false"
		Debug.AspNetCompiler.Debug = "True"
		Release.AspNetCompiler.VirtualPath = "/SL_StoryboardCompletedSampleSite"
		Release.AspNetCompiler.PhysicalPath = "SL_StoryboardCompletedSampleSite\"
		Release.AspNetCompiler.TargetPath = "PrecompiledWeb\SL_StoryboardCompletedSampleSite\"
		Release.AspNetCompiler.Updateable = "true"
		Release.AspNetCompiler.ForceOverwrite = "true"
		Release.AspNetCompiler.FixedNames = "false"
		Release.AspNetCompiler.Debug = "False"
		VWDPort = "11055"
		ProjOutputReferences = "{5b48229d-84ff-47a8-bc20-ce9f910b0d54}|ClientBin|false;"
	EndProjectSection
EndProject
Project("{FAE04EC0-301F-11D3-BF4B-00C04F79EFBC}") = "SL_StoryboardCompletedSample", "SL_StoryboardCompletedSample\SL_StoryboardCompletedSample.csproj", "{5B48229D-84FF-47A8-BC20-CE9F910B0D54}"
EndProject
Global
	GlobalSection(SolutionConfigurationPlatforms) = preSolution
		Debug|Any CPU = Debug|Any CPU
		Release|Any CPU = Release|Any CPU
	EndGlobalSection
	GlobalSection(ProjectConfigurationPlatforms) = postSolution
		{8B0BEC0C-5E73-4C48-A6BB-B15695454600}.Debug|Any CPU.ActiveCfg = Debug|Any CPU
		{8B0BEC0C-5E73-4C48-A6BB-B15695454600}.Debug|Any CPU.Build.0 = Debug|Any CPU
		{8B0BEC0C-5E73-4C48-A6BB-B15695454600}.Release|Any CPU.ActiveCfg = Release|Any CPU
		{8B0BEC0C-5E73-4C48-A6BB-B15695454600}.Release|Any CPU.Build.0 = Release|Any CPU
		{5B48229D-84FF-47A8-BC20-CE9F910B0D54}.Debug|Any CPU.ActiveCfg = Debug|Any CPU
		{5B48229D-84FF-47A8-BC20-CE9F910B0D54}.Debug|Any CPU.Build.0 = Debug|Any CPU
		{5B48229D-84FF-47A8-BC20-CE9F910B0D54}.Release|Any CPU.ActiveCfg = Release|Any CPU
		{5B48229D-84FF-47A8-BC20-CE9F910B0D54}.Release|Any CPU.Build.0 = Release|Any CPU
	EndGlobalSection
	GlobalSection(SolutionProperties) = preSolution
		HideSolutionNode = FALSE
	EndGlobalSection
EndGlobal
