
Microsoft Visual Studio Solution File, Format Version 11.00
# Visual Studio 2010
Project("{FAE04EC0-301F-11D3-BF4B-00C04F79EFBC}") = "SL_ReadConfigFile", "SL_ReadConfigFile\SL_ReadConfigFile.csproj", "{3F40DC7C-92B0-40D4-B5B7-5CA34A247B8E}"
EndProject
Project("{FAE04EC0-301F-11D3-BF4B-00C04F79EFBC}") = "SL_ReadConfigFile.Web", "SL_ReadConfigFile.Web\SL_ReadConfigFile.Web.csproj", "{A258E73B-213B-4186-92E0-F3817E234B32}"
EndProject
Global
	GlobalSection(SolutionConfigurationPlatforms) = preSolution
		Debug|Any CPU = Debug|Any CPU
		Release|Any CPU = Release|Any CPU
	EndGlobalSection
	GlobalSection(ProjectConfigurationPlatforms) = postSolution
		{3F40DC7C-92B0-40D4-B5B7-5CA34A247B8E}.Debug|Any CPU.ActiveCfg = Debug|Any CPU
		{3F40DC7C-92B0-40D4-B5B7-5CA34A247B8E}.Debug|Any CPU.Build.0 = Debug|Any CPU
		{3F40DC7C-92B0-40D4-B5B7-5CA34A247B8E}.Release|Any CPU.ActiveCfg = Release|Any CPU
		{3F40DC7C-92B0-40D4-B5B7-5CA34A247B8E}.Release|Any CPU.Build.0 = Release|Any CPU
		{A258E73B-213B-4186-92E0-F3817E234B32}.Debug|Any CPU.ActiveCfg = Debug|Any CPU
		{A258E73B-213B-4186-92E0-F3817E234B32}.Debug|Any CPU.Build.0 = Debug|Any CPU
		{A258E73B-213B-4186-92E0-F3817E234B32}.Release|Any CPU.ActiveCfg = Release|Any CPU
		{A258E73B-213B-4186-92E0-F3817E234B32}.Release|Any CPU.Build.0 = Release|Any CPU
	EndGlobalSection
	GlobalSection(SolutionProperties) = preSolution
		HideSolutionNode = FALSE
	EndGlobalSection
EndGlobal
