
Microsoft Visual Studio Solution File, Format Version 11.00
# Visual Studio 2010
Project("{FAE04EC0-301F-11D3-BF4B-00C04F79EFBC}") = "Wpf_StretchListBoxItem", "Wpf_StretchListBoxItem\Wpf_StretchListBoxItem.csproj", "{57F7EC19-E9A2-4590-BBD9-414CB408BC09}"
EndProject
Global
	GlobalSection(SolutionConfigurationPlatforms) = preSolution
		Debug|Any CPU = Debug|Any CPU
		Release|Any CPU = Release|Any CPU
	EndGlobalSection
	GlobalSection(ProjectConfigurationPlatforms) = postSolution
		{57F7EC19-E9A2-4590-BBD9-414CB408BC09}.Debug|Any CPU.ActiveCfg = Debug|Any CPU
		{57F7EC19-E9A2-4590-BBD9-414CB408BC09}.Debug|Any CPU.Build.0 = Debug|Any CPU
		{57F7EC19-E9A2-4590-BBD9-414CB408BC09}.Release|Any CPU.ActiveCfg = Release|Any CPU
		{57F7EC19-E9A2-4590-BBD9-414CB408BC09}.Release|Any CPU.Build.0 = Release|Any CPU
	EndGlobalSection
	GlobalSection(SolutionProperties) = preSolution
		HideSolutionNode = FALSE
	EndGlobalSection
EndGlobal
