
Microsoft Visual Studio Solution File, Format Version 11.00
# Visual Studio 2010
Project("{FAE04EC0-301F-11D3-BF4B-00C04F79EFBC}") = "Wpf_ShowEmptyMessageInDataGrid", "Wpf_ShowEmptyMessageInDataGrid\Wpf_ShowEmptyMessageInDataGrid.csproj", "{EBC5510F-B6DA-4435-9817-1662AC7B1BFE}"
EndProject
Global
	GlobalSection(SolutionConfigurationPlatforms) = preSolution
		Debug|Any CPU = Debug|Any CPU
		Release|Any CPU = Release|Any CPU
	EndGlobalSection
	GlobalSection(ProjectConfigurationPlatforms) = postSolution
		{EBC5510F-B6DA-4435-9817-1662AC7B1BFE}.Debug|Any CPU.ActiveCfg = Debug|Any CPU
		{EBC5510F-B6DA-4435-9817-1662AC7B1BFE}.Debug|Any CPU.Build.0 = Debug|Any CPU
		{EBC5510F-B6DA-4435-9817-1662AC7B1BFE}.Release|Any CPU.ActiveCfg = Release|Any CPU
		{EBC5510F-B6DA-4435-9817-1662AC7B1BFE}.Release|Any CPU.Build.0 = Release|Any CPU
	EndGlobalSection
	GlobalSection(SolutionProperties) = preSolution
		HideSolutionNode = FALSE
	EndGlobalSection
EndGlobal
