
Microsoft Visual Studio Solution File, Format Version 11.00
# Visual Studio 2010
Project("{FAE04EC0-301F-11D3-BF4B-00C04F79EFBC}") = "Wpf_DataTemplateWithTrigger", "Wpf_DataTemplateWithTrigger\Wpf_DataTemplateWithTrigger.csproj", "{F334729F-AEB0-48A6-88D5-0D1176CA8719}"
EndProject
Global
	GlobalSection(SolutionConfigurationPlatforms) = preSolution
		Debug|Any CPU = Debug|Any CPU
		Release|Any CPU = Release|Any CPU
	EndGlobalSection
	GlobalSection(ProjectConfigurationPlatforms) = postSolution
		{F334729F-AEB0-48A6-88D5-0D1176CA8719}.Debug|Any CPU.ActiveCfg = Debug|Any CPU
		{F334729F-AEB0-48A6-88D5-0D1176CA8719}.Debug|Any CPU.Build.0 = Debug|Any CPU
		{F334729F-AEB0-48A6-88D5-0D1176CA8719}.Release|Any CPU.ActiveCfg = Release|Any CPU
		{F334729F-AEB0-48A6-88D5-0D1176CA8719}.Release|Any CPU.Build.0 = Release|Any CPU
	EndGlobalSection
	GlobalSection(SolutionProperties) = preSolution
		HideSolutionNode = FALSE
	EndGlobalSection
EndGlobal
