
Microsoft Visual Studio Solution File, Format Version 11.00
# Visual Studio 2010
Project("{FAE04EC0-301F-11D3-BF4B-00C04F79EFBC}") = "SilverlightDataBinding", "SilverlightDataBinding\SilverlightDataBinding.csproj", "{A7B875B7-7C51-4355-A829-7EFE21E10B99}"
EndProject
Project("{FAE04EC0-301F-11D3-BF4B-00C04F79EFBC}") = "SilverlightDataBinding.Web", "SilverlightDataBinding.Web\SilverlightDataBinding.Web.csproj", "{FAA6DE1C-AAC0-4B37-BBFB-70D551958637}"
EndProject
Global
	GlobalSection(SolutionConfigurationPlatforms) = preSolution
		Debug|Any CPU = Debug|Any CPU
		Release|Any CPU = Release|Any CPU
	EndGlobalSection
	GlobalSection(ProjectConfigurationPlatforms) = postSolution
		{A7B875B7-7C51-4355-A829-7EFE21E10B99}.Debug|Any CPU.ActiveCfg = Debug|Any CPU
		{A7B875B7-7C51-4355-A829-7EFE21E10B99}.Debug|Any CPU.Build.0 = Debug|Any CPU
		{A7B875B7-7C51-4355-A829-7EFE21E10B99}.Release|Any CPU.ActiveCfg = Release|Any CPU
		{A7B875B7-7C51-4355-A829-7EFE21E10B99}.Release|Any CPU.Build.0 = Release|Any CPU
		{FAA6DE1C-AAC0-4B37-BBFB-70D551958637}.Debug|Any CPU.ActiveCfg = Debug|Any CPU
		{FAA6DE1C-AAC0-4B37-BBFB-70D551958637}.Debug|Any CPU.Build.0 = Debug|Any CPU
		{FAA6DE1C-AAC0-4B37-BBFB-70D551958637}.Release|Any CPU.ActiveCfg = Release|Any CPU
		{FAA6DE1C-AAC0-4B37-BBFB-70D551958637}.Release|Any CPU.Build.0 = Release|Any CPU
	EndGlobalSection
	GlobalSection(SolutionProperties) = preSolution
		HideSolutionNode = FALSE
	EndGlobalSection
EndGlobal
