
Microsoft Visual Studio Solution File, Format Version 11.00
# Visual Studio 2010
Project("{FAE04EC0-301F-11D3-BF4B-00C04F79EFBC}") = "Wpf_GoToStateSample", "Wpf_GoToStateSample\Wpf_GoToStateSample.csproj", "{213fc452-f6c9-4d13-a84c-9ad70cc4ff33}"
EndProject
Global
	GlobalSection(SolutionConfigurationPlatforms) = preSolution
		Debug|Any CPU = Debug|Any CPU
		Release|Any CPU = Release|Any CPU
	EndGlobalSection
	GlobalSection(ProjectConfigurationPlatforms) = postSolution
		{213FC452-F6C9-4D13-A84C-9AD70CC4FF33}.Debug|Any CPU.ActiveCfg = Debug|Any CPU
		{213FC452-F6C9-4D13-A84C-9AD70CC4FF33}.Debug|Any CPU.Build.0 = Debug|Any CPU
		{213FC452-F6C9-4D13-A84C-9AD70CC4FF33}.Release|Any CPU.ActiveCfg = Release|Any CPU
		{213FC452-F6C9-4D13-A84C-9AD70CC4FF33}.Release|Any CPU.Build.0 = Release|Any CPU
	EndGlobalSection
EndGlobal
