
Microsoft Visual Studio Solution File, Format Version 11.00
# Visual Studio 2010
Project("{FAE04EC0-301F-11D3-BF4B-00C04F79EFBC}") = "SL_DynamicDataGridColumns", "SL_DynamicDataGridColumns\SL_DynamicDataGridColumns.csproj", "{EEC16990-7C45-4E0C-A5BD-D70CC6179982}"
EndProject
Global
	GlobalSection(SolutionConfigurationPlatforms) = preSolution
		Debug|Any CPU = Debug|Any CPU
		Release|Any CPU = Release|Any CPU
	EndGlobalSection
	GlobalSection(ProjectConfigurationPlatforms) = postSolution
		{EEC16990-7C45-4E0C-A5BD-D70CC6179982}.Debug|Any CPU.ActiveCfg = Debug|Any CPU
		{EEC16990-7C45-4E0C-A5BD-D70CC6179982}.Debug|Any CPU.Build.0 = Debug|Any CPU
		{EEC16990-7C45-4E0C-A5BD-D70CC6179982}.Release|Any CPU.ActiveCfg = Release|Any CPU
		{EEC16990-7C45-4E0C-A5BD-D70CC6179982}.Release|Any CPU.Build.0 = Release|Any CPU
	EndGlobalSection
	GlobalSection(SolutionProperties) = preSolution
		HideSolutionNode = FALSE
	EndGlobalSection
EndGlobal
