
Microsoft Visual Studio Solution File, Format Version 11.00
# Visual Studio 2010
Project("{FAE04EC0-301F-11D3-BF4B-00C04F79EFBC}") = "WpfSampleApplication", "WpfSampleApplication\WpfSampleApplication.csproj", "{54BF6ABD-FC22-4E80-8D18-B9F86ECBAB92}"
EndProject
Project("{54435603-DBB4-11D2-8724-00A0C9A8B90C}") = "WpfSampleApplicationSetup", "WpfSampleApplicationSetup\WpfSampleApplicationSetup.vdproj", "{2E54E4C4-A85E-4621-9C65-065678A58B91}"
EndProject
Global
	GlobalSection(SolutionConfigurationPlatforms) = preSolution
		Debug|x86 = Debug|x86
		Release|x86 = Release|x86
	EndGlobalSection
	GlobalSection(ProjectConfigurationPlatforms) = postSolution
		{54BF6ABD-FC22-4E80-8D18-B9F86ECBAB92}.Debug|x86.ActiveCfg = Debug|x86
		{54BF6ABD-FC22-4E80-8D18-B9F86ECBAB92}.Debug|x86.Build.0 = Debug|x86
		{54BF6ABD-FC22-4E80-8D18-B9F86ECBAB92}.Release|x86.ActiveCfg = Release|x86
		{54BF6ABD-FC22-4E80-8D18-B9F86ECBAB92}.Release|x86.Build.0 = Release|x86
		{2E54E4C4-A85E-4621-9C65-065678A58B91}.Debug|x86.ActiveCfg = Debug
		{2E54E4C4-A85E-4621-9C65-065678A58B91}.Release|x86.ActiveCfg = Release
	EndGlobalSection
	GlobalSection(SolutionProperties) = preSolution
		HideSolutionNode = FALSE
	EndGlobalSection
EndGlobal
