
Microsoft Visual Studio Solution File, Format Version 11.00
# Visual Studio 2010
Project("{FAE04EC0-301F-11D3-BF4B-00C04F79EFBC}") = "SL_XboxAvatarImage", "SL_XboxAvatarImage\SL_XboxAvatarImage.csproj", "{B797B205-C4E4-4DA4-BA90-8D9B0ECE41AE}"
EndProject
Global
	GlobalSection(SolutionConfigurationPlatforms) = preSolution
		Debug|Any CPU = Debug|Any CPU
		Release|Any CPU = Release|Any CPU
	EndGlobalSection
	GlobalSection(ProjectConfigurationPlatforms) = postSolution
		{B797B205-C4E4-4DA4-BA90-8D9B0ECE41AE}.Debug|Any CPU.ActiveCfg = Debug|Any CPU
		{B797B205-C4E4-4DA4-BA90-8D9B0ECE41AE}.Debug|Any CPU.Build.0 = Debug|Any CPU
		{B797B205-C4E4-4DA4-BA90-8D9B0ECE41AE}.Release|Any CPU.ActiveCfg = Release|Any CPU
		{B797B205-C4E4-4DA4-BA90-8D9B0ECE41AE}.Release|Any CPU.Build.0 = Release|Any CPU
	EndGlobalSection
	GlobalSection(SolutionProperties) = preSolution
		HideSolutionNode = FALSE
	EndGlobalSection
EndGlobal
